
Microsoft Visual Studio Solution File, Format Version 12.00
# Visual Studio Version 16
VisualStudioVersion = 16.0.31005.135
MinimumVisualStudioVersion = 10.0.40219.1
Project("{FAE04EC0-301F-11D3-BF4B-00C04F79EFBC}") = "MMF_Base_V1", "MMF_Base_V1\MMF_Base_V1.csproj", "{C910CF9F-A837-4777-9E5E-42697648C064}"
EndProject
Global
	GlobalSection(SolutionConfigurationPlatforms) = preSolution
		Debug|Any CPU = Debug|Any CPU
		Release|Any CPU = Release|Any CPU
	EndGlobalSection
	GlobalSection(ProjectConfigurationPlatforms) = postSolution
		{C910CF9F-A837-4777-9E5E-42697648C064}.Debug|Any CPU.ActiveCfg = Debug|Any CPU
		{C910CF9F-A837-4777-9E5E-42697648C064}.Debug|Any CPU.Build.0 = Debug|Any CPU
		{C910CF9F-A837-4777-9E5E-42697648C064}.Release|Any CPU.ActiveCfg = Release|Any CPU
		{C910CF9F-A837-4777-9E5E-42697648C064}.Release|Any CPU.Build.0 = Release|Any CPU
	EndGlobalSection
	GlobalSection(SolutionProperties) = preSolution
		HideSolutionNode = FALSE
	EndGlobalSection
	GlobalSection(ExtensibilityGlobals) = postSolution
		SolutionGuid = {EB8091DD-9117-4595-93AE-19C5988CA9CD}
	EndGlobalSection
EndGlobal
